
Microsoft Visual Studio Solution File, Format Version 12.00
# Visual Studio 2012
Project("{FAE04EC0-301F-11D3-BF4B-00C04F79EFBC}") = "FpuCommentGenerator", "FpuCommentGenerator\FpuCommentGenerator.csproj", "{91007163-8DAC-48CC-87F0-B3D4E94DE650}"
EndProject
Global
	GlobalSection(SolutionConfigurationPlatforms) = preSolution
		Debug|Any CPU = Debug|Any CPU
		Release|Any CPU = Release|Any CPU
	EndGlobalSection
	GlobalSection(ProjectConfigurationPlatforms) = postSolution
		{91007163-8DAC-48CC-87F0-B3D4E94DE650}.Debug|Any CPU.ActiveCfg = Debug|Any CPU
		{91007163-8DAC-48CC-87F0-B3D4E94DE650}.Debug|Any CPU.Build.0 = Debug|Any CPU
		{91007163-8DAC-48CC-87F0-B3D4E94DE650}.Release|Any CPU.ActiveCfg = Release|Any CPU
		{91007163-8DAC-48CC-87F0-B3D4E94DE650}.Release|Any CPU.Build.0 = Release|Any CPU
	EndGlobalSection
	GlobalSection(SolutionProperties) = preSolution
		HideSolutionNode = FALSE
	EndGlobalSection
EndGlobal
